
Microsoft Visual Studio Solution File, Format Version 12.00
# Visual Studio Version 17
VisualStudioVersion = 17.3.32929.385
MinimumVisualStudioVersion = 10.0.40219.1
Project("{FAE04EC0-301F-11D3-BF4B-00C04F79EFBC}") = "NTP_10.Hafta_2.Ornek", "NTP_10.Hafta_2.Ornek.csproj", "{05CC4A39-CC8C-46AF-8983-B43A8D9EF699}"
EndProject
Global
	GlobalSection(SolutionConfigurationPlatforms) = preSolution
		Debug|Any CPU = Debug|Any CPU
		Release|Any CPU = Release|Any CPU
	EndGlobalSection
	GlobalSection(ProjectConfigurationPlatforms) = postSolution
		{05CC4A39-CC8C-46AF-8983-B43A8D9EF699}.Debug|Any CPU.ActiveCfg = Debug|Any CPU
		{05CC4A39-CC8C-46AF-8983-B43A8D9EF699}.Debug|Any CPU.Build.0 = Debug|Any CPU
		{05CC4A39-CC8C-46AF-8983-B43A8D9EF699}.Release|Any CPU.ActiveCfg = Release|Any CPU
		{05CC4A39-CC8C-46AF-8983-B43A8D9EF699}.Release|Any CPU.Build.0 = Release|Any CPU
	EndGlobalSection
	GlobalSection(SolutionProperties) = preSolution
		HideSolutionNode = FALSE
	EndGlobalSection
	GlobalSection(ExtensibilityGlobals) = postSolution
		SolutionGuid = {39250A59-1F58-4F72-8412-06BEFA9DC391}
	EndGlobalSection
EndGlobal
