
Microsoft Visual Studio Solution File, Format Version 12.00
# Visual Studio Version 17
VisualStudioVersion = 17.3.32929.385
MinimumVisualStudioVersion = 10.0.40219.1
Project("{FAE04EC0-301F-11D3-BF4B-00C04F79EFBC}") = "NTP_10.Hafta_2.1.Ornek", "NTP_10.Hafta_2.1.Ornek.csproj", "{1E67C09B-5A18-420D-BBF9-F68DF07436B2}"
EndProject
Global
	GlobalSection(SolutionConfigurationPlatforms) = preSolution
		Debug|Any CPU = Debug|Any CPU
		Release|Any CPU = Release|Any CPU
	EndGlobalSection
	GlobalSection(ProjectConfigurationPlatforms) = postSolution
		{1E67C09B-5A18-420D-BBF9-F68DF07436B2}.Debug|Any CPU.ActiveCfg = Debug|Any CPU
		{1E67C09B-5A18-420D-BBF9-F68DF07436B2}.Debug|Any CPU.Build.0 = Debug|Any CPU
		{1E67C09B-5A18-420D-BBF9-F68DF07436B2}.Release|Any CPU.ActiveCfg = Release|Any CPU
		{1E67C09B-5A18-420D-BBF9-F68DF07436B2}.Release|Any CPU.Build.0 = Release|Any CPU
	EndGlobalSection
	GlobalSection(SolutionProperties) = preSolution
		HideSolutionNode = FALSE
	EndGlobalSection
	GlobalSection(ExtensibilityGlobals) = postSolution
		SolutionGuid = {0EB5E654-719F-4432-AD45-D5A571214C72}
	EndGlobalSection
EndGlobal
