
Microsoft Visual Studio Solution File, Format Version 12.00
# Visual Studio Version 17
VisualStudioVersion = 17.3.32929.385
MinimumVisualStudioVersion = 10.0.40219.1
Project("{FAE04EC0-301F-11D3-BF4B-00C04F79EFBC}") = "NTP_10.Hafta_4.Ornek", "NTP_10.Hafta_4.Ornek.csproj", "{DA98EDFD-CF70-4EF0-AF0E-2725259BC7F4}"
EndProject
Global
	GlobalSection(SolutionConfigurationPlatforms) = preSolution
		Debug|Any CPU = Debug|Any CPU
		Release|Any CPU = Release|Any CPU
	EndGlobalSection
	GlobalSection(ProjectConfigurationPlatforms) = postSolution
		{DA98EDFD-CF70-4EF0-AF0E-2725259BC7F4}.Debug|Any CPU.ActiveCfg = Debug|Any CPU
		{DA98EDFD-CF70-4EF0-AF0E-2725259BC7F4}.Debug|Any CPU.Build.0 = Debug|Any CPU
		{DA98EDFD-CF70-4EF0-AF0E-2725259BC7F4}.Release|Any CPU.ActiveCfg = Release|Any CPU
		{DA98EDFD-CF70-4EF0-AF0E-2725259BC7F4}.Release|Any CPU.Build.0 = Release|Any CPU
	EndGlobalSection
	GlobalSection(SolutionProperties) = preSolution
		HideSolutionNode = FALSE
	EndGlobalSection
	GlobalSection(ExtensibilityGlobals) = postSolution
		SolutionGuid = {B0CECC6A-3814-4EB3-9AE5-C5B8FB88D415}
	EndGlobalSection
EndGlobal
