
Microsoft Visual Studio Solution File, Format Version 12.00
# Visual Studio Version 17
VisualStudioVersion = 17.3.32929.385
MinimumVisualStudioVersion = 10.0.40219.1
Project("{FAE04EC0-301F-11D3-BF4B-00C04F79EFBC}") = "NTP_9.Hafta_8.Ornek", "NTP_9.Hafta_8.Ornek.csproj", "{9C111AD3-28E8-4C3A-9EAD-16A871555293}"
EndProject
Global
	GlobalSection(SolutionConfigurationPlatforms) = preSolution
		Debug|Any CPU = Debug|Any CPU
		Release|Any CPU = Release|Any CPU
	EndGlobalSection
	GlobalSection(ProjectConfigurationPlatforms) = postSolution
		{9C111AD3-28E8-4C3A-9EAD-16A871555293}.Debug|Any CPU.ActiveCfg = Debug|Any CPU
		{9C111AD3-28E8-4C3A-9EAD-16A871555293}.Debug|Any CPU.Build.0 = Debug|Any CPU
		{9C111AD3-28E8-4C3A-9EAD-16A871555293}.Release|Any CPU.ActiveCfg = Release|Any CPU
		{9C111AD3-28E8-4C3A-9EAD-16A871555293}.Release|Any CPU.Build.0 = Release|Any CPU
	EndGlobalSection
	GlobalSection(SolutionProperties) = preSolution
		HideSolutionNode = FALSE
	EndGlobalSection
	GlobalSection(ExtensibilityGlobals) = postSolution
		SolutionGuid = {B94EBA73-0BA4-4779-800B-84C78EE79BF8}
	EndGlobalSection
EndGlobal
