
Microsoft Visual Studio Solution File, Format Version 12.00
# Visual Studio Version 17
VisualStudioVersion = 17.3.32929.385
MinimumVisualStudioVersion = 10.0.40219.1
Project("{FAE04EC0-301F-11D3-BF4B-00C04F79EFBC}") = "NTP_5.Hafta_1.Ornek", "NTP_5.Hafta_1.Ornek.csproj", "{CC854AFF-83F3-4D4E-BD64-3D90D3626160}"
EndProject
Global
	GlobalSection(SolutionConfigurationPlatforms) = preSolution
		Debug|Any CPU = Debug|Any CPU
		Release|Any CPU = Release|Any CPU
	EndGlobalSection
	GlobalSection(ProjectConfigurationPlatforms) = postSolution
		{CC854AFF-83F3-4D4E-BD64-3D90D3626160}.Debug|Any CPU.ActiveCfg = Debug|Any CPU
		{CC854AFF-83F3-4D4E-BD64-3D90D3626160}.Debug|Any CPU.Build.0 = Debug|Any CPU
		{CC854AFF-83F3-4D4E-BD64-3D90D3626160}.Release|Any CPU.ActiveCfg = Release|Any CPU
		{CC854AFF-83F3-4D4E-BD64-3D90D3626160}.Release|Any CPU.Build.0 = Release|Any CPU
	EndGlobalSection
	GlobalSection(SolutionProperties) = preSolution
		HideSolutionNode = FALSE
	EndGlobalSection
	GlobalSection(ExtensibilityGlobals) = postSolution
		SolutionGuid = {3C5D3090-D2F8-4644-BAD2-85587899D05C}
	EndGlobalSection
EndGlobal
