
Microsoft Visual Studio Solution File, Format Version 12.00
# Visual Studio Version 17
VisualStudioVersion = 17.3.32929.385
MinimumVisualStudioVersion = 10.0.40219.1
Project("{FAE04EC0-301F-11D3-BF4B-00C04F79EFBC}") = "NTP_10.Hafta_7.Ornek", "NTP_10.Hafta_7.Ornek.csproj", "{11D2C0CE-C65C-4E6C-9426-563DE40C3AA3}"
EndProject
Global
	GlobalSection(SolutionConfigurationPlatforms) = preSolution
		Debug|Any CPU = Debug|Any CPU
		Release|Any CPU = Release|Any CPU
	EndGlobalSection
	GlobalSection(ProjectConfigurationPlatforms) = postSolution
		{11D2C0CE-C65C-4E6C-9426-563DE40C3AA3}.Debug|Any CPU.ActiveCfg = Debug|Any CPU
		{11D2C0CE-C65C-4E6C-9426-563DE40C3AA3}.Debug|Any CPU.Build.0 = Debug|Any CPU
		{11D2C0CE-C65C-4E6C-9426-563DE40C3AA3}.Release|Any CPU.ActiveCfg = Release|Any CPU
		{11D2C0CE-C65C-4E6C-9426-563DE40C3AA3}.Release|Any CPU.Build.0 = Release|Any CPU
	EndGlobalSection
	GlobalSection(SolutionProperties) = preSolution
		HideSolutionNode = FALSE
	EndGlobalSection
	GlobalSection(ExtensibilityGlobals) = postSolution
		SolutionGuid = {F90DCE48-544B-4CF7-8EA0-872BFD070D6F}
	EndGlobalSection
EndGlobal
