
Microsoft Visual Studio Solution File, Format Version 12.00
# Visual Studio Version 17
VisualStudioVersion = 17.3.32929.385
MinimumVisualStudioVersion = 10.0.40219.1
Project("{FAE04EC0-301F-11D3-BF4B-00C04F79EFBC}") = "NTP_4.Hafta_11.2.Ornek", "NTP_4.Hafta_11.2.Ornek.csproj", "{4267FE4B-8FC0-4D50-8600-43E7B5CF94D3}"
EndProject
Global
	GlobalSection(SolutionConfigurationPlatforms) = preSolution
		Debug|Any CPU = Debug|Any CPU
		Release|Any CPU = Release|Any CPU
	EndGlobalSection
	GlobalSection(ProjectConfigurationPlatforms) = postSolution
		{4267FE4B-8FC0-4D50-8600-43E7B5CF94D3}.Debug|Any CPU.ActiveCfg = Debug|Any CPU
		{4267FE4B-8FC0-4D50-8600-43E7B5CF94D3}.Debug|Any CPU.Build.0 = Debug|Any CPU
		{4267FE4B-8FC0-4D50-8600-43E7B5CF94D3}.Release|Any CPU.ActiveCfg = Release|Any CPU
		{4267FE4B-8FC0-4D50-8600-43E7B5CF94D3}.Release|Any CPU.Build.0 = Release|Any CPU
	EndGlobalSection
	GlobalSection(SolutionProperties) = preSolution
		HideSolutionNode = FALSE
	EndGlobalSection
	GlobalSection(ExtensibilityGlobals) = postSolution
		SolutionGuid = {8822866A-29E1-4CB6-AB24-C6BE6830259F}
	EndGlobalSection
EndGlobal
